
Microsoft Visual Studio Solution File, Format Version 12.00
# Visual Studio Version 17
VisualStudioVersion = 17.3.32728.150
MinimumVisualStudioVersion = 10.0.40219.1
Project("{FAE04EC0-301F-11D3-BF4B-00C04F79EFBC}") = "InCo", "InCo\InCo.csproj", "{D3463133-554B-4DB3-A800-45D681184AD7}"
EndProject
Project("{FAE04EC0-301F-11D3-BF4B-00C04F79EFBC}") = "InCo.Test", "InCo.Test\InCo.Test.csproj", "{497BB01A-6CAE-4471-9D7F-E7B2A4C7BF10}"
EndProject
Global
	GlobalSection(SolutionConfigurationPlatforms) = preSolution
		Debug|Any CPU = Debug|Any CPU
		Release|Any CPU = Release|Any CPU
	EndGlobalSection
	GlobalSection(ProjectConfigurationPlatforms) = postSolution
		{D3463133-554B-4DB3-A800-45D681184AD7}.Debug|Any CPU.ActiveCfg = Debug|Any CPU
		{D3463133-554B-4DB3-A800-45D681184AD7}.Debug|Any CPU.Build.0 = Debug|Any CPU
		{D3463133-554B-4DB3-A800-45D681184AD7}.Release|Any CPU.ActiveCfg = Release|Any CPU
		{D3463133-554B-4DB3-A800-45D681184AD7}.Release|Any CPU.Build.0 = Release|Any CPU
		{497BB01A-6CAE-4471-9D7F-E7B2A4C7BF10}.Debug|Any CPU.ActiveCfg = Debug|Any CPU
		{497BB01A-6CAE-4471-9D7F-E7B2A4C7BF10}.Debug|Any CPU.Build.0 = Debug|Any CPU
		{497BB01A-6CAE-4471-9D7F-E7B2A4C7BF10}.Release|Any CPU.ActiveCfg = Release|Any CPU
		{497BB01A-6CAE-4471-9D7F-E7B2A4C7BF10}.Release|Any CPU.Build.0 = Release|Any CPU
	EndGlobalSection
	GlobalSection(SolutionProperties) = preSolution
		HideSolutionNode = FALSE
	EndGlobalSection
	GlobalSection(ExtensibilityGlobals) = postSolution
		SolutionGuid = {E08EC8E6-72B1-476F-914E-6CE7E7DD3345}
	EndGlobalSection
EndGlobal
